
Microsoft Visual Studio Solution File, Format Version 12.00
# Visual Studio Version 17
VisualStudioVersion = 17.0.32002.185
MinimumVisualStudioVersion = 10.0.40219.1
Project("{FAE04EC0-301F-11D3-BF4B-00C04F79EFBC}") = "RESTJwt", "RESTJwt.csproj", "{632A321E-7D7D-4334-961E-88743D3AC1DA}"
EndProject
Global
	GlobalSection(SolutionConfigurationPlatforms) = preSolution
		Debug|Any CPU = Debug|Any CPU
		Release|Any CPU = Release|Any CPU
	EndGlobalSection
	GlobalSection(ProjectConfigurationPlatforms) = postSolution
		{632A321E-7D7D-4334-961E-88743D3AC1DA}.Debug|Any CPU.ActiveCfg = Debug|Any CPU
		{632A321E-7D7D-4334-961E-88743D3AC1DA}.Debug|Any CPU.Build.0 = Debug|Any CPU
		{632A321E-7D7D-4334-961E-88743D3AC1DA}.Release|Any CPU.ActiveCfg = Release|Any CPU
		{632A321E-7D7D-4334-961E-88743D3AC1DA}.Release|Any CPU.Build.0 = Release|Any CPU
	EndGlobalSection
	GlobalSection(SolutionProperties) = preSolution
		HideSolutionNode = FALSE
	EndGlobalSection
	GlobalSection(ExtensibilityGlobals) = postSolution
		SolutionGuid = {51BE854B-A3DA-4EDF-B614-20EA12006021}
	EndGlobalSection
EndGlobal
